// !$*UTF8*$!
{
	archiveVersion = 1;
	classes = {
	};
	objectVersion = 70;
	objects = {

/* Begin PBXBuildFile section */
		CE078D4D2D32D4FC007D32B4 /* rocketSound.m4a in Resources */ = {isa = PBXBuildFile; fileRef = CE078D4C2D32D4FC007D32B4 /* rocketSound.m4a */; };
		CE21930F2D1C884600E5686D /* fond.mp4 in Resources */ = {isa = PBXBuildFile; fileRef = CE21930E2D1C884600E5686D /* fond.mp4 */; };
		CE579C112D07622200B34309 /* Launch Screen.storyboard in Resources */ = {isa = PBXBuildFile; fileRef = CE579C102D07622200B34309 /* Launch Screen.storyboard */; };
		CE97CFB82D317179004E023F /* GameOverView.swift in Sources */ = {isa = PBXBuildFile; fileRef = CE97CFB72D317174004E023F /* GameOverView.swift */; };
		CE97CFC32D317265004E023F /* Bullet.swift in Sources */ = {isa = PBXBuildFile; fileRef = CE97CFC22D317265004E023F /* Bullet.swift */; };
		CE97CFCA2D3172BF004E023F /* AudioDelegate.swift in Sources */ = {isa = PBXBuildFile; fileRef = CE97CFC92D3172BF004E023F /* AudioDelegate.swift */; };
		CE97CFCC2D3172DC004E023F /* GameplayVM.swift in Sources */ = {isa = PBXBuildFile; fileRef = CE97CFCB2D3172DC004E023F /* GameplayVM.swift */; };
		CE97CFCE2D317331004E023F /* GameplayView.swift in Sources */ = {isa = PBXBuildFile; fileRef = CE97CFCD2D317331004E023F /* GameplayView.swift */; };
		CE97CFD12D317384004E023F /* StartMenuView.swift in Sources */ = {isa = PBXBuildFile; fileRef = CE97CFD02D317384004E023F /* StartMenuView.swift */; };
		CEC5A1B52D0354B100BA048B /* HendrixCatApp.swift in Sources */ = {isa = PBXBuildFile; fileRef = CEC5A1B42D0354B100BA048B /* HendrixCatApp.swift */; };
		CEC5A1B72D0354B100BA048B /* ContentView.swift in Sources */ = {isa = PBXBuildFile; fileRef = CEC5A1B62D0354B100BA048B /* ContentView.swift */; };
		CEC5A1B92D0354B200BA048B /* Assets.xcassets in Resources */ = {isa = PBXBuildFile; fileRef = CEC5A1B82D0354B200BA048B /* Assets.xcassets */; };
		CEC5A1BD2D0354B200BA048B /* Preview Assets.xcassets in Resources */ = {isa = PBXBuildFile; fileRef = CEC5A1BC2D0354B200BA048B /* Preview Assets.xcassets */; };
		CEC5A1C62D0466E800BA048B /* space-ship.wav in Resources */ = {isa = PBXBuildFile; fileRef = CEC5A1C52D0466E800BA048B /* space-ship.wav */; };
		CEC5A1C82D046CBD00BA048B /* chords.wav in Resources */ = {isa = PBXBuildFile; fileRef = CEC5A1C72D046CBD00BA048B /* chords.wav */; };
/* End PBXBuildFile section */

/* Begin PBXFileReference section */
		CE078D4C2D32D4FC007D32B4 /* rocketSound.m4a */ = {isa = PBXFileReference; lastKnownFileType = file; path = rocketSound.m4a; sourceTree = "<group>"; };
		CE21930E2D1C884600E5686D /* fond.mp4 */ = {isa = PBXFileReference; lastKnownFileType = file; path = fond.mp4; sourceTree = "<group>"; };
		CE579C102D07622200B34309 /* Launch Screen.storyboard */ = {isa = PBXFileReference; lastKnownFileType = file.storyboard; path = "Launch Screen.storyboard"; sourceTree = "<group>"; };
		CE97CFB72D317174004E023F /* GameOverView.swift */ = {isa = PBXFileReference; lastKnownFileType = sourcecode.swift; path = GameOverView.swift; sourceTree = "<group>"; };
		CE97CFC22D317265004E023F /* Bullet.swift */ = {isa = PBXFileReference; lastKnownFileType = sourcecode.swift; path = Bullet.swift; sourceTree = "<group>"; };
		CE97CFC92D3172BF004E023F /* AudioDelegate.swift */ = {isa = PBXFileReference; lastKnownFileType = sourcecode.swift; path = AudioDelegate.swift; sourceTree = "<group>"; };
		CE97CFCB2D3172DC004E023F /* GameplayVM.swift */ = {isa = PBXFileReference; lastKnownFileType = sourcecode.swift; path = GameplayVM.swift; sourceTree = "<group>"; };
		CE97CFCD2D317331004E023F /* GameplayView.swift */ = {isa = PBXFileReference; lastKnownFileType = sourcecode.swift; path = GameplayView.swift; sourceTree = "<group>"; };
		CE97CFD02D317384004E023F /* StartMenuView.swift */ = {isa = PBXFileReference; lastKnownFileType = sourcecode.swift; path = StartMenuView.swift; sourceTree = "<group>"; };
		CEC5A1B12D0354B100BA048B /* HendrixCat.app */ = {isa = PBXFileReference; explicitFileType = wrapper.application; includeInIndex = 0; path = HendrixCat.app; sourceTree = BUILT_PRODUCTS_DIR; };
		CEC5A1B42D0354B100BA048B /* HendrixCatApp.swift */ = {isa = PBXFileReference; lastKnownFileType = sourcecode.swift; path = HendrixCatApp.swift; sourceTree = "<group>"; };
		CEC5A1B62D0354B100BA048B /* ContentView.swift */ = {isa = PBXFileReference; lastKnownFileType = sourcecode.swift; path = ContentView.swift; sourceTree = "<group>"; };
		CEC5A1B82D0354B200BA048B /* Assets.xcassets */ = {isa = PBXFileReference; lastKnownFileType = folder.assetcatalog; path = Assets.xcassets; sourceTree = "<group>"; };
		CEC5A1BA2D0354B200BA048B /* HendrixCat.entitlements */ = {isa = PBXFileReference; lastKnownFileType = text.plist.entitlements; path = HendrixCat.entitlements; sourceTree = "<group>"; };
		CEC5A1BC2D0354B200BA048B /* Preview Assets.xcassets */ = {isa = PBXFileReference; lastKnownFileType = folder.assetcatalog; path = "Preview Assets.xcassets"; sourceTree = "<group>"; };
		CEC5A1C52D0466E800BA048B /* space-ship.wav */ = {isa = PBXFileReference; lastKnownFileType = audio.wav; path = "space-ship.wav"; sourceTree = "<group>"; };
		CEC5A1C72D046CBD00BA048B /* chords.wav */ = {isa = PBXFileReference; lastKnownFileType = audio.wav; path = chords.wav; sourceTree = "<group>"; };
/* End PBXFileReference section */

/* Begin PBXFileSystemSynchronizedRootGroup section */
		CE97CFD22D317951004E023F /* ObstaclesView */ = {isa = PBXFileSystemSynchronizedRootGroup; explicitFileTypes = {}; explicitFolders = (); path = ObstaclesView; sourceTree = "<group>"; };
		CE97CFD42D317990004E023F /* RocketView */ = {isa = PBXFileSystemSynchronizedRootGroup; explicitFileTypes = {}; explicitFolders = (); path = RocketView; sourceTree = "<group>"; };
		CE97CFD52D3179A5004E023F /* Obstacles */ = {isa = PBXFileSystemSynchronizedRootGroup; explicitFileTypes = {}; explicitFolders = (); path = Obstacles; sourceTree = "<group>"; };
/* End PBXFileSystemSynchronizedRootGroup section */

/* Begin PBXFrameworksBuildPhase section */
		CEC5A1AE2D0354B100BA048B /* Frameworks */ = {
			isa = PBXFrameworksBuildPhase;
			buildActionMask = 2147483647;
			files = (
			);
			runOnlyForDeploymentPostprocessing = 0;
		};
/* End PBXFrameworksBuildPhase section */

/* Begin PBXGroup section */
		CE97CFBB2D3171D1004E023F /* Models */ = {
			isa = PBXGroup;
			children = (
				CE97CFC92D3172BF004E023F /* AudioDelegate.swift */,
				CE97CFD52D3179A5004E023F /* Obstacles */,
				CE97CFC22D317265004E023F /* Bullet.swift */,
			);
			path = Models;
			sourceTree = "<group>";
		};
		CE97CFC42D317278004E023F /* Views */ = {
			isa = PBXGroup;
			children = (
				CE97CFCD2D317331004E023F /* GameplayView.swift */,
				CE97CFB72D317174004E023F /* GameOverView.swift */,
				CE97CFD02D317384004E023F /* StartMenuView.swift */,
				CE97CFD22D317951004E023F /* ObstaclesView */,
				CE97CFD42D317990004E023F /* RocketView */,
			);
			path = Views;
			sourceTree = "<group>";
		};
		CE97CFCF2D317336004E023F /* ViewModel */ = {
			isa = PBXGroup;
			children = (
				CE97CFCB2D3172DC004E023F /* GameplayVM.swift */,
			);
			path = ViewModel;
			sourceTree = "<group>";
		};
		CEC5A1A82D0354B100BA048B = {
			isa = PBXGroup;
			children = (
				CEC5A1B32D0354B100BA048B /* HendrixCat */,
				CEC5A1B22D0354B100BA048B /* Products */,
			);
			sourceTree = "<group>";
		};
		CEC5A1B22D0354B100BA048B /* Products */ = {
			isa = PBXGroup;
			children = (
				CEC5A1B12D0354B100BA048B /* HendrixCat.app */,
			);
			name = Products;
			sourceTree = "<group>";
		};
		CEC5A1B32D0354B100BA048B /* HendrixCat */ = {
			isa = PBXGroup;
			children = (
				CE21930E2D1C884600E5686D /* fond.mp4 */,
				CEC5A1C72D046CBD00BA048B /* chords.wav */,
				CE078D4C2D32D4FC007D32B4 /* rocketSound.m4a */,
				CEC5A1C52D0466E800BA048B /* space-ship.wav */,
				CEC5A1B42D0354B100BA048B /* HendrixCatApp.swift */,
				CEC5A1B62D0354B100BA048B /* ContentView.swift */,
				CE97CFC42D317278004E023F /* Views */,
				CE97CFCF2D317336004E023F /* ViewModel */,
				CE97CFBB2D3171D1004E023F /* Models */,
				CEC5A1B82D0354B200BA048B /* Assets.xcassets */,
				CEC5A1BA2D0354B200BA048B /* HendrixCat.entitlements */,
				CEC5A1BB2D0354B200BA048B /* Preview Content */,
				CE579C102D07622200B34309 /* Launch Screen.storyboard */,
			);
			path = HendrixCat;
			sourceTree = "<group>";
		};
		CEC5A1BB2D0354B200BA048B /* Preview Content */ = {
			isa = PBXGroup;
			children = (
				CEC5A1BC2D0354B200BA048B /* Preview Assets.xcassets */,
			);
			path = "Preview Content";
			sourceTree = "<group>";
		};
/* End PBXGroup section */

/* Begin PBXNativeTarget section */
		CEC5A1B02D0354B100BA048B /* HendrixCat */ = {
			isa = PBXNativeTarget;
			buildConfigurationList = CEC5A1C02D0354B200BA048B /* Build configuration list for PBXNativeTarget "HendrixCat" */;
			buildPhases = (
				CEC5A1AD2D0354B100BA048B /* Sources */,
				CEC5A1AE2D0354B100BA048B /* Frameworks */,
				CEC5A1AF2D0354B100BA048B /* Resources */,
			);
			buildRules = (
			);
			dependencies = (
			);
			fileSystemSynchronizedGroups = (
				CE97CFD22D317951004E023F /* ObstaclesView */,
				CE97CFD42D317990004E023F /* RocketView */,
				CE97CFD52D3179A5004E023F /* Obstacles */,
			);
			name = HendrixCat;
			productName = HendrixCat;
			productReference = CEC5A1B12D0354B100BA048B /* HendrixCat.app */;
			productType = "com.apple.product-type.application";
		};
/* End PBXNativeTarget section */

/* Begin PBXProject section */
		CEC5A1A92D0354B100BA048B /* Project object */ = {
			isa = PBXProject;
			attributes = {
				BuildIndependentTargetsInParallel = 1;
				LastSwiftUpdateCheck = 1540;
				LastUpgradeCheck = 1540;
				TargetAttributes = {
					CEC5A1B02D0354B100BA048B = {
						CreatedOnToolsVersion = 15.4;
					};
				};
			};
			buildConfigurationList = CEC5A1AC2D0354B100BA048B /* Build configuration list for PBXProject "HendrixCat" */;
			compatibilityVersion = "Xcode 14.0";
			developmentRegion = en;
			hasScannedForEncodings = 0;
			knownRegions = (
				en,
				Base,
			);
			mainGroup = CEC5A1A82D0354B100BA048B;
			productRefGroup = CEC5A1B22D0354B100BA048B /* Products */;
			projectDirPath = "";
			projectRoot = "";
			targets = (
				CEC5A1B02D0354B100BA048B /* HendrixCat */,
			);
		};
/* End PBXProject section */

/* Begin PBXResourcesBuildPhase section */
		CEC5A1AF2D0354B100BA048B /* Resources */ = {
			isa = PBXResourcesBuildPhase;
			buildActionMask = 2147483647;
			files = (
				CEC5A1BD2D0354B200BA048B /* Preview Assets.xcassets in Resources */,
				CEC5A1C82D046CBD00BA048B /* chords.wav in Resources */,
				CEC5A1B92D0354B200BA048B /* Assets.xcassets in Resources */,
				CE078D4D2D32D4FC007D32B4 /* rocketSound.m4a in Resources */,
				CE579C112D07622200B34309 /* Launch Screen.storyboard in Resources */,
				CE21930F2D1C884600E5686D /* fond.mp4 in Resources */,
				CEC5A1C62D0466E800BA048B /* space-ship.wav in Resources */,
			);
			runOnlyForDeploymentPostprocessing = 0;
		};
/* End PBXResourcesBuildPhase section */

/* Begin PBXSourcesBuildPhase section */
		CEC5A1AD2D0354B100BA048B /* Sources */ = {
			isa = PBXSourcesBuildPhase;
			buildActionMask = 2147483647;
			files = (
				CE97CFCC2D3172DC004E023F /* GameplayVM.swift in Sources */,
				CEC5A1B72D0354B100BA048B /* ContentView.swift in Sources */,
				CE97CFD12D317384004E023F /* StartMenuView.swift in Sources */,
				CE97CFB82D317179004E023F /* GameOverView.swift in Sources */,
				CE97CFCE2D317331004E023F /* GameplayView.swift in Sources */,
				CE97CFCA2D3172BF004E023F /* AudioDelegate.swift in Sources */,
				CEC5A1B52D0354B100BA048B /* HendrixCatApp.swift in Sources */,
				CE97CFC32D317265004E023F /* Bullet.swift in Sources */,
			);
			runOnlyForDeploymentPostprocessing = 0;
		};
/* End PBXSourcesBuildPhase section */

/* Begin XCBuildConfiguration section */
		CEC5A1BE2D0354B200BA048B /* Debug */ = {
			isa = XCBuildConfiguration;
			buildSettings = {
				ALWAYS_SEARCH_USER_PATHS = NO;
				ASSETCATALOG_COMPILER_GENERATE_SWIFT_ASSET_SYMBOL_EXTENSIONS = YES;
				CLANG_ANALYZER_NONNULL = YES;
				CLANG_ANALYZER_NUMBER_OBJECT_CONVERSION = YES_AGGRESSIVE;
				CLANG_CXX_LANGUAGE_STANDARD = "gnu++20";
				CLANG_ENABLE_MODULES = YES;
				CLANG_ENABLE_OBJC_ARC = YES;
				CLANG_ENABLE_OBJC_WEAK = YES;
				CLANG_WARN_BLOCK_CAPTURE_AUTORELEASING = YES;
				CLANG_WARN_BOOL_CONVERSION = YES;
				CLANG_WARN_COMMA = YES;
				CLANG_WARN_CONSTANT_CONVERSION = YES;
				CLANG_WARN_DEPRECATED_OBJC_IMPLEMENTATIONS = YES;
				CLANG_WARN_DIRECT_OBJC_ISA_USAGE = YES_ERROR;
				CLANG_WARN_DOCUMENTATION_COMMENTS = YES;
				CLANG_WARN_EMPTY_BODY = YES;
				CLANG_WARN_ENUM_CONVERSION = YES;
				CLANG_WARN_INFINITE_RECURSION = YES;
				CLANG_WARN_INT_CONVERSION = YES;
				CLANG_WARN_NON_LITERAL_NULL_CONVERSION = YES;
				CLANG_WARN_OBJC_IMPLICIT_RETAIN_SELF = YES;
				CLANG_WARN_OBJC_LITERAL_CONVERSION = YES;
				CLANG_WARN_OBJC_ROOT_CLASS = YES_ERROR;
				CLANG_WARN_QUOTED_INCLUDE_IN_FRAMEWORK_HEADER = YES;
				CLANG_WARN_RANGE_LOOP_ANALYSIS = YES;
				CLANG_WARN_STRICT_PROTOTYPES = YES;
				CLANG_WARN_SUSPICIOUS_MOVE = YES;
				CLANG_WARN_UNGUARDED_AVAILABILITY = YES_AGGRESSIVE;
				CLANG_WARN_UNREACHABLE_CODE = YES;
				CLANG_WARN__DUPLICATE_METHOD_MATCH = YES;
				COPY_PHASE_STRIP = NO;
				DEBUG_INFORMATION_FORMAT = dwarf;
				ENABLE_STRICT_OBJC_MSGSEND = YES;
				ENABLE_TESTABILITY = YES;
				ENABLE_USER_SCRIPT_SANDBOXING = YES;
				GCC_C_LANGUAGE_STANDARD = gnu17;
				GCC_DYNAMIC_NO_PIC = NO;
				GCC_NO_COMMON_BLOCKS = YES;
				GCC_OPTIMIZATION_LEVEL = 0;
				GCC_PREPROCESSOR_DEFINITIONS = (
					"DEBUG=1",
					"$(inherited)",
				);
				GCC_WARN_64_TO_32_BIT_CONVERSION = YES;
				GCC_WARN_ABOUT_RETURN_TYPE = YES_ERROR;
				GCC_WARN_UNDECLARED_SELECTOR = YES;
				GCC_WARN_UNINITIALIZED_AUTOS = YES_AGGRESSIVE;
				GCC_WARN_UNUSED_FUNCTION = YES;
				GCC_WARN_UNUSED_VARIABLE = YES;
				LOCALIZATION_PREFERS_STRING_CATALOGS = YES;
				MTL_ENABLE_DEBUG_INFO = INCLUDE_SOURCE;
				MTL_FAST_MATH = YES;
				ONLY_ACTIVE_ARCH = YES;
				SWIFT_ACTIVE_COMPILATION_CONDITIONS = "DEBUG $(inherited)";
				SWIFT_OPTIMIZATION_LEVEL = "-Onone";
			};
			name = Debug;
		};
		CEC5A1BF2D0354B200BA048B /* Release */ = {
			isa = XCBuildConfiguration;
			buildSettings = {
				ALWAYS_SEARCH_USER_PATHS = NO;
				ASSETCATALOG_COMPILER_GENERATE_SWIFT_ASSET_SYMBOL_EXTENSIONS = YES;
				CLANG_ANALYZER_NONNULL = YES;
				CLANG_ANALYZER_NUMBER_OBJECT_CONVERSION = YES_AGGRESSIVE;
				CLANG_CXX_LANGUAGE_STANDARD = "gnu++20";
				CLANG_ENABLE_MODULES = YES;
				CLANG_ENABLE_OBJC_ARC = YES;
				CLANG_ENABLE_OBJC_WEAK = YES;
				CLANG_WARN_BLOCK_CAPTURE_AUTORELEASING = YES;
				CLANG_WARN_BOOL_CONVERSION = YES;
				CLANG_WARN_COMMA = YES;
				CLANG_WARN_CONSTANT_CONVERSION = YES;
				CLANG_WARN_DEPRECATED_OBJC_IMPLEMENTATIONS = YES;
				CLANG_WARN_DIRECT_OBJC_ISA_USAGE = YES_ERROR;
				CLANG_WARN_DOCUMENTATION_COMMENTS = YES;
				CLANG_WARN_EMPTY_BODY = YES;
				CLANG_WARN_ENUM_CONVERSION = YES;
				CLANG_WARN_INFINITE_RECURSION = YES;
				CLANG_WARN_INT_CONVERSION = YES;
				CLANG_WARN_NON_LITERAL_NULL_CONVERSION = YES;
				CLANG_WARN_OBJC_IMPLICIT_RETAIN_SELF = YES;
				CLANG_WARN_OBJC_LITERAL_CONVERSION = YES;
				CLANG_WARN_OBJC_ROOT_CLASS = YES_ERROR;
				CLANG_WARN_QUOTED_INCLUDE_IN_FRAMEWORK_HEADER = YES;
				CLANG_WARN_RANGE_LOOP_ANALYSIS = YES;
				CLANG_WARN_STRICT_PROTOTYPES = YES;
				CLANG_WARN_SUSPICIOUS_MOVE = YES;
				CLANG_WARN_UNGUARDED_AVAILABILITY = YES_AGGRESSIVE;
				CLANG_WARN_UNREACHABLE_CODE = YES;
				CLANG_WARN__DUPLICATE_METHOD_MATCH = YES;
				COPY_PHASE_STRIP = NO;
				DEBUG_INFORMATION_FORMAT = "dwarf-with-dsym";
				ENABLE_NS_ASSERTIONS = NO;
				ENABLE_STRICT_OBJC_MSGSEND = YES;
				ENABLE_USER_SCRIPT_SANDBOXING = YES;
				GCC_C_LANGUAGE_STANDARD = gnu17;
				GCC_NO_COMMON_BLOCKS = YES;
				GCC_WARN_64_TO_32_BIT_CONVERSION = YES;
				GCC_WARN_ABOUT_RETURN_TYPE = YES_ERROR;
				GCC_WARN_UNDECLARED_SELECTOR = YES;
				GCC_WARN_UNINITIALIZED_AUTOS = YES_AGGRESSIVE;
				GCC_WARN_UNUSED_FUNCTION = YES;
				GCC_WARN_UNUSED_VARIABLE = YES;
				LOCALIZATION_PREFERS_STRING_CATALOGS = YES;
				MTL_ENABLE_DEBUG_INFO = NO;
				MTL_FAST_MATH = YES;
				SWIFT_COMPILATION_MODE = wholemodule;
			};
			name = Release;
		};
		CEC5A1C12D0354B200BA048B /* Debug */ = {
			isa = XCBuildConfiguration;
			buildSettings = {
				ASSETCATALOG_COMPILER_APPICON_NAME = AppIcon;
				ASSETCATALOG_COMPILER_GLOBAL_ACCENT_COLOR_NAME = AccentColor;
				CODE_SIGN_ENTITLEMENTS = HendrixCat/HendrixCat.entitlements;
				CODE_SIGN_STYLE = Automatic;
				CURRENT_PROJECT_VERSION = 1;
				DEVELOPMENT_ASSET_PATHS = "\"HendrixCat/Preview Content\"";
				DEVELOPMENT_TEAM = 3NYLP3F6GN;
				ENABLE_PREVIEWS = YES;
				GENERATE_INFOPLIST_FILE = YES;
				"INFOPLIST_KEY_UIApplicationSceneManifest_Generation[sdk=iphoneos*]" = YES;
				"INFOPLIST_KEY_UIApplicationSceneManifest_Generation[sdk=iphonesimulator*]" = YES;
				"INFOPLIST_KEY_UIApplicationSupportsIndirectInputEvents[sdk=iphoneos*]" = YES;
				"INFOPLIST_KEY_UIApplicationSupportsIndirectInputEvents[sdk=iphonesimulator*]" = YES;
				"INFOPLIST_KEY_UILaunchScreen_Generation[sdk=iphoneos*]" = YES;
				"INFOPLIST_KEY_UILaunchScreen_Generation[sdk=iphonesimulator*]" = YES;
				"INFOPLIST_KEY_UIStatusBarStyle[sdk=iphoneos*]" = UIStatusBarStyleDefault;
				"INFOPLIST_KEY_UIStatusBarStyle[sdk=iphonesimulator*]" = UIStatusBarStyleDefault;
				INFOPLIST_KEY_UISupportedInterfaceOrientations_iPad = "UIInterfaceOrientationPortrait UIInterfaceOrientationPortraitUpsideDown UIInterfaceOrientationLandscapeLeft UIInterfaceOrientationLandscapeRight";
				INFOPLIST_KEY_UISupportedInterfaceOrientations_iPhone = "UIInterfaceOrientationPortrait UIInterfaceOrientationLandscapeLeft UIInterfaceOrientationLandscapeRight";
				IPHONEOS_DEPLOYMENT_TARGET = 15.6;
				LD_RUNPATH_SEARCH_PATHS = "@executable_path/Frameworks";
				"LD_RUNPATH_SEARCH_PATHS[sdk=macosx*]" = "@executable_path/../Frameworks";
				MACOSX_DEPLOYMENT_TARGET = 14.5;
				MARKETING_VERSION = 1.0;
				PRODUCT_BUNDLE_IDENTIFIER = adam.mabrouki.HendrixCat;
				PRODUCT_NAME = "$(TARGET_NAME)";
				SDKROOT = auto;
				SUPPORTED_PLATFORMS = "iphoneos iphonesimulator macosx";
				SWIFT_EMIT_LOC_STRINGS = YES;
				SWIFT_VERSION = 5.0;
				TARGETED_DEVICE_FAMILY = "1,2";
			};
			name = Debug;
		};
		CEC5A1C22D0354B200BA048B /* Release */ = {
			isa = XCBuildConfiguration;
			buildSettings = {
				ASSETCATALOG_COMPILER_APPICON_NAME = AppIcon;
				ASSETCATALOG_COMPILER_GLOBAL_ACCENT_COLOR_NAME = AccentColor;
				CODE_SIGN_ENTITLEMENTS = HendrixCat/HendrixCat.entitlements;
				CODE_SIGN_STYLE = Automatic;
				CURRENT_PROJECT_VERSION = 1;
				DEVELOPMENT_ASSET_PATHS = "\"HendrixCat/Preview Content\"";
				DEVELOPMENT_TEAM = 3NYLP3F6GN;
				ENABLE_PREVIEWS = YES;
				GENERATE_INFOPLIST_FILE = YES;
				"INFOPLIST_KEY_UIApplicationSceneManifest_Generation[sdk=iphoneos*]" = YES;
				"INFOPLIST_KEY_UIApplicationSceneManifest_Generation[sdk=iphonesimulator*]" = YES;
				"INFOPLIST_KEY_UIApplicationSupportsIndirectInputEvents[sdk=iphoneos*]" = YES;
				"INFOPLIST_KEY_UIApplicationSupportsIndirectInputEvents[sdk=iphonesimulator*]" = YES;
				"INFOPLIST_KEY_UILaunchScreen_Generation[sdk=iphoneos*]" = YES;
				"INFOPLIST_KEY_UILaunchScreen_Generation[sdk=iphonesimulator*]" = YES;
				"INFOPLIST_KEY_UIStatusBarStyle[sdk=iphoneos*]" = UIStatusBarStyleDefault;
				"INFOPLIST_KEY_UIStatusBarStyle[sdk=iphonesimulator*]" = UIStatusBarStyleDefault;
				INFOPLIST_KEY_UISupportedInterfaceOrientations_iPad = "UIInterfaceOrientationPortrait UIInterfaceOrientationPortraitUpsideDown UIInterfaceOrientationLandscapeLeft UIInterfaceOrientationLandscapeRight";
				INFOPLIST_KEY_UISupportedInterfaceOrientations_iPhone = "UIInterfaceOrientationPortrait UIInterfaceOrientationLandscapeLeft UIInterfaceOrientationLandscapeRight";
				IPHONEOS_DEPLOYMENT_TARGET = 15.6;
				LD_RUNPATH_SEARCH_PATHS = "@executable_path/Frameworks";
				"LD_RUNPATH_SEARCH_PATHS[sdk=macosx*]" = "@executable_path/../Frameworks";
				MACOSX_DEPLOYMENT_TARGET = 14.5;
				MARKETING_VERSION = 1.0;
				PRODUCT_BUNDLE_IDENTIFIER = adam.mabrouki.HendrixCat;
				PRODUCT_NAME = "$(TARGET_NAME)";
				SDKROOT = auto;
				SUPPORTED_PLATFORMS = "iphoneos iphonesimulator macosx";
				SWIFT_EMIT_LOC_STRINGS = YES;
				SWIFT_VERSION = 5.0;
				TARGETED_DEVICE_FAMILY = "1,2";
			};
			name = Release;
		};
/* End XCBuildConfiguration section */

/* Begin XCConfigurationList section */
		CEC5A1AC2D0354B100BA048B /* Build configuration list for PBXProject "HendrixCat" */ = {
			isa = XCConfigurationList;
			buildConfigurations = (
				CEC5A1BE2D0354B200BA048B /* Debug */,
				CEC5A1BF2D0354B200BA048B /* Release */,
			);
			defaultConfigurationIsVisible = 0;
			defaultConfigurationName = Release;
		};
		CEC5A1C02D0354B200BA048B /* Build configuration list for PBXNativeTarget "HendrixCat" */ = {
			isa = XCConfigurationList;
			buildConfigurations = (
				CEC5A1C12D0354B200BA048B /* Debug */,
				CEC5A1C22D0354B200BA048B /* Release */,
			);
			defaultConfigurationIsVisible = 0;
			defaultConfigurationName = Release;
		};
/* End XCConfigurationList section */
	};
	rootObject = CEC5A1A92D0354B100BA048B /* Project object */;
}
